
Microsoft Visual Studio Solution File, Format Version 12.00
# Visual Studio 15
VisualStudioVersion = 15.0.28010.2016
MinimumVisualStudioVersion = 10.0.40219.1
Project("{8BC9CEB8-8B4A-11D0-8D11-00A0C91BC942}") = "James_Ancira_Final(2018)", "James_Ancira_Final(2018).vcxproj", "{A6194AD8-CFDA-459E-B982-53EFA61EA029}"
EndProject
Global
	GlobalSection(SolutionConfigurationPlatforms) = preSolution
		Debug|x64 = Debug|x64
		Debug|x86 = Debug|x86
		Release|x64 = Release|x64
		Release|x86 = Release|x86
	EndGlobalSection
	GlobalSection(ProjectConfigurationPlatforms) = postSolution
		{A6194AD8-CFDA-459E-B982-53EFA61EA029}.Debug|x64.ActiveCfg = Debug|x64
		{A6194AD8-CFDA-459E-B982-53EFA61EA029}.Debug|x64.Build.0 = Debug|x64
		{A6194AD8-CFDA-459E-B982-53EFA61EA029}.Debug|x86.ActiveCfg = Debug|Win32
		{A6194AD8-CFDA-459E-B982-53EFA61EA029}.Debug|x86.Build.0 = Debug|Win32
		{A6194AD8-CFDA-459E-B982-53EFA61EA029}.Release|x64.ActiveCfg = Release|x64
		{A6194AD8-CFDA-459E-B982-53EFA61EA029}.Release|x64.Build.0 = Release|x64
		{A6194AD8-CFDA-459E-B982-53EFA61EA029}.Release|x86.ActiveCfg = Release|Win32
		{A6194AD8-CFDA-459E-B982-53EFA61EA029}.Release|x86.Build.0 = Release|Win32
	EndGlobalSection
	GlobalSection(SolutionProperties) = preSolution
		HideSolutionNode = FALSE
	EndGlobalSection
	GlobalSection(ExtensibilityGlobals) = postSolution
		SolutionGuid = {A24079C7-ED1E-4EC3-AAF7-F4835A721489}
	EndGlobalSection
EndGlobal
